
Microsoft Visual Studio Solution File, Format Version 12.00
# Visual Studio Version 16
VisualStudioVersion = 16.0.31402.337
MinimumVisualStudioVersion = 10.0.40219.1
Project("{FAE04EC0-301F-11D3-BF4B-00C04F79EFBC}") = "WhatDayOfWeekIsIt", "WhatDayOfWeekIsIt\WhatDayOfWeekIsIt.csproj", "{D6C5BEDF-5AB9-4134-8F07-BEAF45FD6067}"
EndProject
Global
	GlobalSection(SolutionConfigurationPlatforms) = preSolution
		Debug|Any CPU = Debug|Any CPU
		Release|Any CPU = Release|Any CPU
	EndGlobalSection
	GlobalSection(ProjectConfigurationPlatforms) = postSolution
		{D6C5BEDF-5AB9-4134-8F07-BEAF45FD6067}.Debug|Any CPU.ActiveCfg = Debug|Any CPU
		{D6C5BEDF-5AB9-4134-8F07-BEAF45FD6067}.Debug|Any CPU.Build.0 = Debug|Any CPU
		{D6C5BEDF-5AB9-4134-8F07-BEAF45FD6067}.Release|Any CPU.ActiveCfg = Release|Any CPU
		{D6C5BEDF-5AB9-4134-8F07-BEAF45FD6067}.Release|Any CPU.Build.0 = Release|Any CPU
	EndGlobalSection
	GlobalSection(SolutionProperties) = preSolution
		HideSolutionNode = FALSE
	EndGlobalSection
	GlobalSection(ExtensibilityGlobals) = postSolution
		SolutionGuid = {E0A2F866-6741-4118-9DCC-3E67E81E3E4B}
	EndGlobalSection
EndGlobal
